PODS:
  - BGUtilities (1.4.0):
    - Colours
  - BMYScrollableNavigationBar (1.0.0)
  - Colours (5.6.1)
  - FRDLivelyButton (1.1.3)
  - libHN (4.0.2)
  - MMDrawerController (0.5.7):
    - MMDrawerController/Core (= 0.5.7)
    - MMDrawerController/MMDrawerBarButtonItem (= 0.5.7)
    - MMDrawerController/MMDrawerVisualStates (= 0.5.7)
    - MMDrawerController/Subclass (= 0.5.7)
  - MMDrawerController/Core (0.5.7)
  - MMDrawerController/MMDrawerBarButtonItem (0.5.7):
    - MMDrawerController/Core
  - MMDrawerController/MMDrawerVisualStates (0.5.7):
    - MMDrawerController/Core
  - MMDrawerController/Subclass (0.5.7):
    - MMDrawerController/Core
  - MTStatusBarOverlay (0.9.1)
  - pop (1.0.7)
  - POP+MCAnimate (2.0.1):
    - pop (~> 1.0)
    - POP+MCAnimate/Animations (= 2.0.1)
    - POP+MCAnimate/Group (= 2.0.1)
    - POP+MCAnimate/Internal (= 2.0.1)
    - POP+MCAnimate/Shorthand (= 2.0.1)
    - POP+MCAnimate/Velocity (= 2.0.1)
  - POP+MCAnimate/Animations (2.0.1):
    - pop (~> 1.0)
    - POP+MCAnimate/Group
    - POP+MCAnimate/Internal
    - POP+MCAnimate/Shorthand
    - POP+MCAnimate/Velocity
  - POP+MCAnimate/Group (2.0.1):
    - pop (~> 1.0)
  - POP+MCAnimate/Internal (2.0.1):
    - pop (~> 1.0)
  - POP+MCAnimate/Shorthand (2.0.1):
    - pop (~> 1.0)
  - POP+MCAnimate/Velocity (2.0.1):
    - pop (~> 1.0)
    - POP+MCAnimate/Internal
  - RNGridMenu (0.1.3)
  - TTTAttributedLabel (1.13.2)
  - XLForm (2.1.0)

DEPENDENCIES:
  - BGUtilities
  - BMYScrollableNavigationBar
  - Colours
  - FRDLivelyButton
  - libHN
  - MMDrawerController
  - MTStatusBarOverlay
  - POP+MCAnimate
  - RNGridMenu (from `https://github.com/bennyguitar/RNGridMenu.git`)
  - TTTAttributedLabel
  - XLForm

EXTERNAL SOURCES:
  RNGridMenu:
    :git: https://github.com/bennyguitar/RNGridMenu.git

CHECKOUT OPTIONS:
  RNGridMenu:
    :commit: 8bb9a9549f31cfd4e86d3b2fe4436be705c62162
    :git: https://github.com/bennyguitar/RNGridMenu.git

SPEC CHECKSUMS:
  BGUtilities: ee578b2100fac2d852f08df33a75111946298fc7
  BMYScrollableNavigationBar: 7d3747c9172ccac51836438e594cdae971c6c7f5
  Colours: cad6964a7c178253356403d206eef600a3dc59c8
  FRDLivelyButton: d67f7ecb801ac84427fca1ea832a63e972b72478
  libHN: 00edb36294ec0bc40faff1801024099182bbdc9d
  MMDrawerController: 7a4cf8e25596bf2434e03ce50d22a8608ddee6a1
  MTStatusBarOverlay: 258a1ee369f4dc4b94107d02cfd7f6b1317c421b
  pop: 628ffc631644601567ee8bfaaaea493ebd7d0923
  POP+MCAnimate: a99e209148c602512de487f1160a44bf78572024
  RNGridMenu: c58db81f87b5473936bb1b675dc3e947c409b51d
  TTTAttributedLabel: 2ba85bee473885c2aada2bdfec584d39f1869338
  XLForm: ba9e657a360a810ab1f64cc2cd6307fd99a86866

COCOAPODS: 0.36.3
