PODS:
  - BGUtilities (1.2.1):
    - Colours
  - BTCDonationViewController (0.1.1):
    - BGUtilities
  - Colours (5.2.1)
  - libHN (1.1.1)
  - SatelliteStore (1.2.1)
  - SpinKit (1.0.1)

DEPENDENCIES:
  - BGUtilities
  - BTCDonationViewController
  - Colours
  - libHN
  - SatelliteStore
  - SpinKit

SPEC CHECKSUMS:
  BGUtilities: add39ebfde7c1429f68371539c73f2873d08d5e5
  BTCDonationViewController: 674e4dfd2080db260914bab45a9d8ef0a7d3d7fb
  Colours: f26e8eef024a94feaa700155e1e80a5bc41fdd3b
  libHN: e7859cd7443d05ba7756dd8b2cb84f3aa0613c79
  SatelliteStore: cc6e6ecae9062fee650c26ea40e5dd5d6985b06c
  SpinKit: c7490233be81d8daf41da05dc463351423658aad

COCOAPODS: 0.29.0
